$begin 'ConnectionParameters'
	DesktopProcessID=28628
	DesktopProcessPath='E:\\HFSS\\AnsysEM19.5\\Win64\\ansysedt.exe'
	LaunchedByWB=false
	$begin 'DesktopStubBlock'
		$begin 'CommDetails'
			TransportType=1
			IPAddress='192.168.56.1'
			ListenPort='61423'
			IPAddressVector[3: '192.168.216.1', '192.168.178.1', '192.168.1.8']
		$end 'CommDetails'
		$begin 'Marshall'
			InstanceID=503
			ProcID=28628
			InterfaceID=1
			FactoryIntID='DesktopInterfaceForWBProxyStubFactory'
		$end 'Marshall'
	$end 'DesktopStubBlock'
	$begin 'DesktopBackgroundObjStubBlock'
		$begin 'CommDetails'
			TransportType=1
			IPAddress='192.168.56.1'
			ListenPort='61423'
			IPAddressVector[3: '192.168.216.1', '192.168.178.1', '192.168.1.8']
		$end 'CommDetails'
		$begin 'Marshall'
			InstanceID=505
			ProcID=28628
			InterfaceID=2
			FactoryIntID='DesktopInterfaceForWBProxyStubFactory'
		$end 'Marshall'
	$end 'DesktopBackgroundObjStubBlock'
$end 'ConnectionParameters'
